
Microsoft Visual Studio Solution File, Format Version 12.00
# Visual Studio Version 17
VisualStudioVersion = 17.14.36221.1
MinimumVisualStudioVersion = 10.0.40219.1
Project("{FAE04EC0-301F-11D3-BF4B-00C04F79EFBC}") = "TestPlot", "TestPlot.csproj", "{2920D053-0AA1-4FA0-96B7-52CB255C4384}"
EndProject
Global
	GlobalSection(SolutionConfigurationPlatforms) = preSolution
		Debug|Any CPU = Debug|Any CPU
		Debug|x64 = Debug|x64
		Release|Any CPU = Release|Any CPU
		Release|x64 = Release|x64
	EndGlobalSection
	GlobalSection(ProjectConfigurationPlatforms) = postSolution
		{2920D053-0AA1-4FA0-96B7-52CB255C4384}.Debug|Any CPU.ActiveCfg = Debug|Any CPU
		{2920D053-0AA1-4FA0-96B7-52CB255C4384}.Debug|Any CPU.Build.0 = Debug|Any CPU
		{2920D053-0AA1-4FA0-96B7-52CB255C4384}.Debug|x64.ActiveCfg = Debug|x64
		{2920D053-0AA1-4FA0-96B7-52CB255C4384}.Debug|x64.Build.0 = Debug|x64
		{2920D053-0AA1-4FA0-96B7-52CB255C4384}.Release|Any CPU.ActiveCfg = Release|Any CPU
		{2920D053-0AA1-4FA0-96B7-52CB255C4384}.Release|Any CPU.Build.0 = Release|Any CPU
		{2920D053-0AA1-4FA0-96B7-52CB255C4384}.Release|x64.ActiveCfg = Release|x64
		{2920D053-0AA1-4FA0-96B7-52CB255C4384}.Release|x64.Build.0 = Release|x64
	EndGlobalSection
	GlobalSection(SolutionProperties) = preSolution
		HideSolutionNode = FALSE
	EndGlobalSection
	GlobalSection(ExtensibilityGlobals) = postSolution
		SolutionGuid = {51A64428-73F8-43CF-BE08-4C0024CB844A}
	EndGlobalSection
EndGlobal
